
Microsoft Visual Studio Solution File, Format Version 12.00
# Visual Studio 14
VisualStudioVersion = 14.0.25420.1
MinimumVisualStudioVersion = 10.0.40219.1
Project("{FAE04EC0-301F-11D3-BF4B-00C04F79EFBC}") = "DataBindingExample.Droid", "DataBindingExample\DataBindingExample.Droid\DataBindingExample.Droid.csproj", "{FA561448-1642-4BAE-A8D1-614C3067A598}"
EndProject
Project("{FAE04EC0-301F-11D3-BF4B-00C04F79EFBC}") = "DataBindingExample.iOS", "DataBindingExample\DataBindingExample.iOS\DataBindingExample.iOS.csproj", "{8BE20591-373A-45A0-9543-AD8BA99DA1B0}"
EndProject
Project("{FAE04EC0-301F-11D3-BF4B-00C04F79EFBC}") = "DataBindingExample.WinPhone", "DataBindingExample\DataBindingExample.WinPhone\DataBindingExample.WinPhone.csproj", "{675A748B-C801-4F32-BE2B-6EB91B404C20}"
EndProject
Project("{FAE04EC0-301F-11D3-BF4B-00C04F79EFBC}") = "DataBindingExample.UWP", "DataBindingExample\DataBindingExample.UWP\DataBindingExample.UWP.csproj", "{F0D0F70F-0197-4632-B4B7-2ECCC8EAB44E}"
EndProject
Project("{FAE04EC0-301F-11D3-BF4B-00C04F79EFBC}") = "DataBindingExample.Windows", "DataBindingExample\DataBindingExample.Windows\DataBindingExample.Windows.csproj", "{D3E0E195-2249-46EB-9D53-92CA02555DB9}"
EndProject
Project("{FAE04EC0-301F-11D3-BF4B-00C04F79EFBC}") = "DataBindingExample", "DataBindingExample\DataBindingExample\DataBindingExample.csproj", "{B8D6DFD1-8A17-40EC-8CDC-82BCAEC87A7E}"
EndProject
Global
	GlobalSection(SolutionConfigurationPlatforms) = preSolution
		Ad-Hoc|Any CPU = Ad-Hoc|Any CPU
		Ad-Hoc|ARM = Ad-Hoc|ARM
		Ad-Hoc|iPhone = Ad-Hoc|iPhone
		Ad-Hoc|iPhoneSimulator = Ad-Hoc|iPhoneSimulator
		Ad-Hoc|x64 = Ad-Hoc|x64
		Ad-Hoc|x86 = Ad-Hoc|x86
		AppStore|Any CPU = AppStore|Any CPU
		AppStore|ARM = AppStore|ARM
		AppStore|iPhone = AppStore|iPhone
		AppStore|iPhoneSimulator = AppStore|iPhoneSimulator
		AppStore|x64 = AppStore|x64
		AppStore|x86 = AppStore|x86
		Debug|Any CPU = Debug|Any CPU
		Debug|ARM = Debug|ARM
		Debug|iPhone = Debug|iPhone
		Debug|iPhoneSimulator = Debug|iPhoneSimulator
		Debug|x64 = Debug|x64
		Debug|x86 = Debug|x86
		Release|Any CPU = Release|Any CPU
		Release|ARM = Release|ARM
		Release|iPhone = Release|iPhone
		Release|iPhoneSimulator = Release|iPhoneSimulator
		Release|x64 = Release|x64
		Release|x86 = Release|x86
	EndGlobalSection
	GlobalSection(ProjectConfigurationPlatforms) = postSolution
		{FA561448-1642-4BAE-A8D1-614C3067A598}.Ad-Hoc|Any CPU.ActiveCfg = Release|Any CPU
		{FA561448-1642-4BAE-A8D1-614C3067A598}.Ad-Hoc|Any CPU.Build.0 = Release|Any CPU
		{FA561448-1642-4BAE-A8D1-614C3067A598}.Ad-Hoc|Any CPU.Deploy.0 = Release|Any CPU
		{FA561448-1642-4BAE-A8D1-614C3067A598}.Ad-Hoc|ARM.ActiveCfg = Release|Any CPU
		{FA561448-1642-4BAE-A8D1-614C3067A598}.Ad-Hoc|ARM.Build.0 = Release|Any CPU
		{FA561448-1642-4BAE-A8D1-614C3067A598}.Ad-Hoc|ARM.Deploy.0 = Release|Any CPU
		{FA561448-1642-4BAE-A8D1-614C3067A598}.Ad-Hoc|iPhone.ActiveCfg = Release|Any CPU
		{FA561448-1642-4BAE-A8D1-614C3067A598}.Ad-Hoc|iPhone.Build.0 = Release|Any CPU
		{FA561448-1642-4BAE-A8D1-614C3067A598}.Ad-Hoc|iPhone.Deploy.0 = Release|Any CPU
		{FA561448-1642-4BAE-A8D1-614C3067A598}.Ad-Hoc|iPhoneSimulator.ActiveCfg = Release|Any CPU
		{FA561448-1642-4BAE-A8D1-614C3067A598}.Ad-Hoc|iPhoneSimulator.Build.0 = Release|Any CPU
		{FA561448-1642-4BAE-A8D1-614C3067A598}.Ad-Hoc|iPhoneSimulator.Deploy.0 = Release|Any CPU
		{FA561448-1642-4BAE-A8D1-614C3067A598}.Ad-Hoc|x64.ActiveCfg = Release|Any CPU
		{FA561448-1642-4BAE-A8D1-614C3067A598}.Ad-Hoc|x64.Build.0 = Release|Any CPU
		{FA561448-1642-4BAE-A8D1-614C3067A598}.Ad-Hoc|x64.Deploy.0 = Release|Any CPU
		{FA561448-1642-4BAE-A8D1-614C3067A598}.Ad-Hoc|x86.ActiveCfg = Release|Any CPU
		{FA561448-1642-4BAE-A8D1-614C3067A598}.Ad-Hoc|x86.Build.0 = Release|Any CPU
		{FA561448-1642-4BAE-A8D1-614C3067A598}.Ad-Hoc|x86.Deploy.0 = Release|Any CPU
		{FA561448-1642-4BAE-A8D1-614C3067A598}.AppStore|Any CPU.ActiveCfg = Release|Any CPU
		{FA561448-1642-4BAE-A8D1-614C3067A598}.AppStore|Any CPU.Build.0 = Release|Any CPU
		{FA561448-1642-4BAE-A8D1-614C3067A598}.AppStore|Any CPU.Deploy.0 = Release|Any CPU
		{FA561448-1642-4BAE-A8D1-614C3067A598}.AppStore|ARM.ActiveCfg = Release|Any CPU
		{FA561448-1642-4BAE-A8D1-614C3067A598}.AppStore|ARM.Build.0 = Release|Any CPU
		{FA561448-1642-4BAE-A8D1-614C3067A598}.AppStore|ARM.Deploy.0 = Release|Any CPU
		{FA561448-1642-4BAE-A8D1-614C3067A598}.AppStore|iPhone.ActiveCfg = Release|Any CPU
		{FA561448-1642-4BAE-A8D1-614C3067A598}.AppStore|iPhone.Build.0 = Release|Any CPU
		{FA561448-1642-4BAE-A8D1-614C3067A598}.AppStore|iPhone.Deploy.0 = Release|Any CPU
		{FA561448-1642-4BAE-A8D1-614C3067A598}.AppStore|iPhoneSimulator.ActiveCfg = Release|Any CPU
		{FA561448-1642-4BAE-A8D1-614C3067A598}.AppStore|iPhoneSimulator.Build.0 = Release|Any CPU
		{FA561448-1642-4BAE-A8D1-614C3067A598}.AppStore|iPhoneSimulator.Deploy.0 = Release|Any CPU
		{FA561448-1642-4BAE-A8D1-614C3067A598}.AppStore|x64.ActiveCfg = Release|Any CPU
		{FA561448-1642-4BAE-A8D1-614C3067A598}.AppStore|x64.Build.0 = Release|Any CPU
		{FA561448-1642-4BAE-A8D1-614C3067A598}.AppStore|x64.Deploy.0 = Release|Any CPU
		{FA561448-1642-4BAE-A8D1-614C3067A598}.AppStore|x86.ActiveCfg = Release|Any CPU
		{FA561448-1642-4BAE-A8D1-614C3067A598}.AppStore|x86.Build.0 = Release|Any CPU
		{FA561448-1642-4BAE-A8D1-614C3067A598}.AppStore|x86.Deploy.0 = Release|Any CPU
		{FA561448-1642-4BAE-A8D1-614C3067A598}.Debug|Any CPU.ActiveCfg = Debug|Any CPU
		{FA561448-1642-4BAE-A8D1-614C3067A598}.Debug|Any CPU.Build.0 = Debug|Any CPU
		{FA561448-1642-4BAE-A8D1-614C3067A598}.Debug|Any CPU.Deploy.0 = Debug|Any CPU
		{FA561448-1642-4BAE-A8D1-614C3067A598}.Debug|ARM.ActiveCfg = Debug|Any CPU
		{FA561448-1642-4BAE-A8D1-614C3067A598}.Debug|ARM.Build.0 = Debug|Any CPU
		{FA561448-1642-4BAE-A8D1-614C3067A598}.Debug|ARM.Deploy.0 = Debug|Any CPU
		{FA561448-1642-4BAE-A8D1-614C3067A598}.Debug|iPhone.ActiveCfg = Debug|Any CPU
		{FA561448-1642-4BAE-A8D1-614C3067A598}.Debug|iPhone.Build.0 = Debug|Any CPU
		{FA561448-1642-4BAE-A8D1-614C3067A598}.Debug|iPhone.Deploy.0 = Debug|Any CPU
		{FA561448-1642-4BAE-A8D1-614C3067A598}.Debug|iPhoneSimulator.ActiveCfg = Debug|Any CPU
		{FA561448-1642-4BAE-A8D1-614C3067A598}.Debug|iPhoneSimulator.Build.0 = Debug|Any CPU
		{FA561448-1642-4BAE-A8D1-614C3067A598}.Debug|iPhoneSimulator.Deploy.0 = Debug|Any CPU
		{FA561448-1642-4BAE-A8D1-614C3067A598}.Debug|x64.ActiveCfg = Debug|Any CPU
		{FA561448-1642-4BAE-A8D1-614C3067A598}.Debug|x64.Build.0 = Debug|Any CPU
		{FA561448-1642-4BAE-A8D1-614C3067A598}.Debug|x64.Deploy.0 = Debug|Any CPU
		{FA561448-1642-4BAE-A8D1-614C3067A598}.Debug|x86.ActiveCfg = Debug|Any CPU
		{FA561448-1642-4BAE-A8D1-614C3067A598}.Debug|x86.Build.0 = Debug|Any CPU
		{FA561448-1642-4BAE-A8D1-614C3067A598}.Debug|x86.Deploy.0 = Debug|Any CPU
		{FA561448-1642-4BAE-A8D1-614C3067A598}.Release|Any CPU.ActiveCfg = Release|Any CPU
		{FA561448-1642-4BAE-A8D1-614C3067A598}.Release|Any CPU.Build.0 = Release|Any CPU
		{FA561448-1642-4BAE-A8D1-614C3067A598}.Release|Any CPU.Deploy.0 = Release|Any CPU
		{FA561448-1642-4BAE-A8D1-614C3067A598}.Release|ARM.ActiveCfg = Release|Any CPU
		{FA561448-1642-4BAE-A8D1-614C3067A598}.Release|ARM.Build.0 = Release|Any CPU
		{FA561448-1642-4BAE-A8D1-614C3067A598}.Release|ARM.Deploy.0 = Release|Any CPU
		{FA561448-1642-4BAE-A8D1-614C3067A598}.Release|iPhone.ActiveCfg = Release|Any CPU
		{FA561448-1642-4BAE-A8D1-614C3067A598}.Release|iPhone.Build.0 = Release|Any CPU
		{FA561448-1642-4BAE-A8D1-614C3067A598}.Release|iPhone.Deploy.0 = Release|Any CPU
		{FA561448-1642-4BAE-A8D1-614C3067A598}.Release|iPhoneSimulator.ActiveCfg = Release|Any CPU
		{FA561448-1642-4BAE-A8D1-614C3067A598}.Release|iPhoneSimulator.Build.0 = Release|Any CPU
		{FA561448-1642-4BAE-A8D1-614C3067A598}.Release|iPhoneSimulator.Deploy.0 = Release|Any CPU
		{FA561448-1642-4BAE-A8D1-614C3067A598}.Release|x64.ActiveCfg = Release|Any CPU
		{FA561448-1642-4BAE-A8D1-614C3067A598}.Release|x64.Build.0 = Release|Any CPU
		{FA561448-1642-4BAE-A8D1-614C3067A598}.Release|x64.Deploy.0 = Release|Any CPU
		{FA561448-1642-4BAE-A8D1-614C3067A598}.Release|x86.ActiveCfg = Release|Any CPU
		{FA561448-1642-4BAE-A8D1-614C3067A598}.Release|x86.Build.0 = Release|Any CPU
		{FA561448-1642-4BAE-A8D1-614C3067A598}.Release|x86.Deploy.0 = Release|Any CPU
		{8BE20591-373A-45A0-9543-AD8BA99DA1B0}.Ad-Hoc|Any CPU.ActiveCfg = Ad-Hoc|iPhone
		{8BE20591-373A-45A0-9543-AD8BA99DA1B0}.Ad-Hoc|ARM.ActiveCfg = Ad-Hoc|iPhone
		{8BE20591-373A-45A0-9543-AD8BA99DA1B0}.Ad-Hoc|iPhone.ActiveCfg = Ad-Hoc|iPhone
		{8BE20591-373A-45A0-9543-AD8BA99DA1B0}.Ad-Hoc|iPhone.Build.0 = Ad-Hoc|iPhone
		{8BE20591-373A-45A0-9543-AD8BA99DA1B0}.Ad-Hoc|iPhoneSimulator.ActiveCfg = Ad-Hoc|iPhoneSimulator
		{8BE20591-373A-45A0-9543-AD8BA99DA1B0}.Ad-Hoc|iPhoneSimulator.Build.0 = Ad-Hoc|iPhoneSimulator
		{8BE20591-373A-45A0-9543-AD8BA99DA1B0}.Ad-Hoc|x64.ActiveCfg = Ad-Hoc|iPhone
		{8BE20591-373A-45A0-9543-AD8BA99DA1B0}.Ad-Hoc|x86.ActiveCfg = Ad-Hoc|iPhone
		{8BE20591-373A-45A0-9543-AD8BA99DA1B0}.AppStore|Any CPU.ActiveCfg = AppStore|iPhone
		{8BE20591-373A-45A0-9543-AD8BA99DA1B0}.AppStore|ARM.ActiveCfg = AppStore|iPhone
		{8BE20591-373A-45A0-9543-AD8BA99DA1B0}.AppStore|iPhone.ActiveCfg = AppStore|iPhone
		{8BE20591-373A-45A0-9543-AD8BA99DA1B0}.AppStore|iPhone.Build.0 = AppStore|iPhone
		{8BE20591-373A-45A0-9543-AD8BA99DA1B0}.AppStore|iPhoneSimulator.ActiveCfg = AppStore|iPhoneSimulator
		{8BE20591-373A-45A0-9543-AD8BA99DA1B0}.AppStore|iPhoneSimulator.Build.0 = AppStore|iPhoneSimulator
		{8BE20591-373A-45A0-9543-AD8BA99DA1B0}.AppStore|x64.ActiveCfg = AppStore|iPhone
		{8BE20591-373A-45A0-9543-AD8BA99DA1B0}.AppStore|x86.ActiveCfg = AppStore|iPhone
		{8BE20591-373A-45A0-9543-AD8BA99DA1B0}.Debug|Any CPU.ActiveCfg = Debug|iPhone
		{8BE20591-373A-45A0-9543-AD8BA99DA1B0}.Debug|ARM.ActiveCfg = Debug|iPhone
		{8BE20591-373A-45A0-9543-AD8BA99DA1B0}.Debug|iPhone.ActiveCfg = Debug|iPhone
		{8BE20591-373A-45A0-9543-AD8BA99DA1B0}.Debug|iPhone.Build.0 = Debug|iPhone
		{8BE20591-373A-45A0-9543-AD8BA99DA1B0}.Debug|iPhoneSimulator.ActiveCfg = Debug|iPhoneSimulator
		{8BE20591-373A-45A0-9543-AD8BA99DA1B0}.Debug|iPhoneSimulator.Build.0 = Debug|iPhoneSimulator
		{8BE20591-373A-45A0-9543-AD8BA99DA1B0}.Debug|x64.ActiveCfg = Debug|iPhone
		{8BE20591-373A-45A0-9543-AD8BA99DA1B0}.Debug|x86.ActiveCfg = Debug|iPhone
		{8BE20591-373A-45A0-9543-AD8BA99DA1B0}.Release|Any CPU.ActiveCfg = Release|iPhone
		{8BE20591-373A-45A0-9543-AD8BA99DA1B0}.Release|ARM.ActiveCfg = Release|iPhone
		{8BE20591-373A-45A0-9543-AD8BA99DA1B0}.Release|iPhone.ActiveCfg = Release|iPhone
		{8BE20591-373A-45A0-9543-AD8BA99DA1B0}.Release|iPhone.Build.0 = Release|iPhone
		{8BE20591-373A-45A0-9543-AD8BA99DA1B0}.Release|iPhoneSimulator.ActiveCfg = Release|iPhoneSimulator
		{8BE20591-373A-45A0-9543-AD8BA99DA1B0}.Release|iPhoneSimulator.Build.0 = Release|iPhoneSimulator
		{8BE20591-373A-45A0-9543-AD8BA99DA1B0}.Release|x64.ActiveCfg = Release|iPhone
		{8BE20591-373A-45A0-9543-AD8BA99DA1B0}.Release|x86.ActiveCfg = Release|iPhone
		{675A748B-C801-4F32-BE2B-6EB91B404C20}.Ad-Hoc|Any CPU.ActiveCfg = Release|Any CPU
		{675A748B-C801-4F32-BE2B-6EB91B404C20}.Ad-Hoc|Any CPU.Build.0 = Release|Any CPU
		{675A748B-C801-4F32-BE2B-6EB91B404C20}.Ad-Hoc|Any CPU.Deploy.0 = Release|Any CPU
		{675A748B-C801-4F32-BE2B-6EB91B404C20}.Ad-Hoc|ARM.ActiveCfg = Release|ARM
		{675A748B-C801-4F32-BE2B-6EB91B404C20}.Ad-Hoc|ARM.Build.0 = Release|ARM
		{675A748B-C801-4F32-BE2B-6EB91B404C20}.Ad-Hoc|ARM.Deploy.0 = Release|ARM
		{675A748B-C801-4F32-BE2B-6EB91B404C20}.Ad-Hoc|iPhone.ActiveCfg = Release|Any CPU
		{675A748B-C801-4F32-BE2B-6EB91B404C20}.Ad-Hoc|iPhone.Build.0 = Release|Any CPU
		{675A748B-C801-4F32-BE2B-6EB91B404C20}.Ad-Hoc|iPhone.Deploy.0 = Release|Any CPU
		{675A748B-C801-4F32-BE2B-6EB91B404C20}.Ad-Hoc|iPhoneSimulator.ActiveCfg = Release|Any CPU
		{675A748B-C801-4F32-BE2B-6EB91B404C20}.Ad-Hoc|iPhoneSimulator.Build.0 = Release|Any CPU
		{675A748B-C801-4F32-BE2B-6EB91B404C20}.Ad-Hoc|iPhoneSimulator.Deploy.0 = Release|Any CPU
		{675A748B-C801-4F32-BE2B-6EB91B404C20}.Ad-Hoc|x64.ActiveCfg = Release|Any CPU
		{675A748B-C801-4F32-BE2B-6EB91B404C20}.Ad-Hoc|x64.Build.0 = Release|Any CPU
		{675A748B-C801-4F32-BE2B-6EB91B404C20}.Ad-Hoc|x64.Deploy.0 = Release|Any CPU
		{675A748B-C801-4F32-BE2B-6EB91B404C20}.Ad-Hoc|x86.ActiveCfg = Release|x86
		{675A748B-C801-4F32-BE2B-6EB91B404C20}.Ad-Hoc|x86.Build.0 = Release|x86
		{675A748B-C801-4F32-BE2B-6EB91B404C20}.Ad-Hoc|x86.Deploy.0 = Release|x86
		{675A748B-C801-4F32-BE2B-6EB91B404C20}.AppStore|Any CPU.ActiveCfg = Release|Any CPU
		{675A748B-C801-4F32-BE2B-6EB91B404C20}.AppStore|Any CPU.Build.0 = Release|Any CPU
		{675A748B-C801-4F32-BE2B-6EB91B404C20}.AppStore|Any CPU.Deploy.0 = Release|Any CPU
		{675A748B-C801-4F32-BE2B-6EB91B404C20}.AppStore|ARM.ActiveCfg = Release|ARM
		{675A748B-C801-4F32-BE2B-6EB91B404C20}.AppStore|ARM.Build.0 = Release|ARM
		{675A748B-C801-4F32-BE2B-6EB91B404C20}.AppStore|ARM.Deploy.0 = Release|ARM
		{675A748B-C801-4F32-BE2B-6EB91B404C20}.AppStore|iPhone.ActiveCfg = Release|Any CPU
		{675A748B-C801-4F32-BE2B-6EB91B404C20}.AppStore|iPhone.Build.0 = Release|Any CPU
		{675A748B-C801-4F32-BE2B-6EB91B404C20}.AppStore|iPhone.Deploy.0 = Release|Any CPU
		{675A748B-C801-4F32-BE2B-6EB91B404C20}.AppStore|iPhoneSimulator.ActiveCfg = Release|Any CPU
		{675A748B-C801-4F32-BE2B-6EB91B404C20}.AppStore|iPhoneSimulator.Build.0 = Release|Any CPU
		{675A748B-C801-4F32-BE2B-6EB91B404C20}.AppStore|iPhoneSimulator.Deploy.0 = Release|Any CPU
		{675A748B-C801-4F32-BE2B-6EB91B404C20}.AppStore|x64.ActiveCfg = Release|Any CPU
		{675A748B-C801-4F32-BE2B-6EB91B404C20}.AppStore|x64.Build.0 = Release|Any CPU
		{675A748B-C801-4F32-BE2B-6EB91B404C20}.AppStore|x64.Deploy.0 = Release|Any CPU
		{675A748B-C801-4F32-BE2B-6EB91B404C20}.AppStore|x86.ActiveCfg = Release|x86
		{675A748B-C801-4F32-BE2B-6EB91B404C20}.AppStore|x86.Build.0 = Release|x86
		{675A748B-C801-4F32-BE2B-6EB91B404C20}.AppStore|x86.Deploy.0 = Release|x86
		{675A748B-C801-4F32-BE2B-6EB91B404C20}.Debug|Any CPU.ActiveCfg = Debug|Any CPU
		{675A748B-C801-4F32-BE2B-6EB91B404C20}.Debug|Any CPU.Build.0 = Debug|Any CPU
		{675A748B-C801-4F32-BE2B-6EB91B404C20}.Debug|Any CPU.Deploy.0 = Debug|Any CPU
		{675A748B-C801-4F32-BE2B-6EB91B404C20}.Debug|ARM.ActiveCfg = Debug|ARM
		{675A748B-C801-4F32-BE2B-6EB91B404C20}.Debug|ARM.Build.0 = Debug|ARM
		{675A748B-C801-4F32-BE2B-6EB91B404C20}.Debug|ARM.Deploy.0 = Debug|ARM
		{675A748B-C801-4F32-BE2B-6EB91B404C20}.Debug|iPhone.ActiveCfg = Debug|Any CPU
		{675A748B-C801-4F32-BE2B-6EB91B404C20}.Debug|iPhone.Build.0 = Debug|Any CPU
		{675A748B-C801-4F32-BE2B-6EB91B404C20}.Debug|iPhone.Deploy.0 = Debug|Any CPU
		{675A748B-C801-4F32-BE2B-6EB91B404C20}.Debug|iPhoneSimulator.ActiveCfg = Debug|Any CPU
		{675A748B-C801-4F32-BE2B-6EB91B404C20}.Debug|iPhoneSimulator.Build.0 = Debug|Any CPU
		{675A748B-C801-4F32-BE2B-6EB91B404C20}.Debug|iPhoneSimulator.Deploy.0 = Debug|Any CPU
		{675A748B-C801-4F32-BE2B-6EB91B404C20}.Debug|x64.ActiveCfg = Debug|Any CPU
		{675A748B-C801-4F32-BE2B-6EB91B404C20}.Debug|x64.Build.0 = Debug|Any CPU
		{675A748B-C801-4F32-BE2B-6EB91B404C20}.Debug|x64.Deploy.0 = Debug|Any CPU
		{675A748B-C801-4F32-BE2B-6EB91B404C20}.Debug|x86.ActiveCfg = Debug|x86
		{675A748B-C801-4F32-BE2B-6EB91B404C20}.Debug|x86.Build.0 = Debug|x86
		{675A748B-C801-4F32-BE2B-6EB91B404C20}.Debug|x86.Deploy.0 = Debug|x86
		{675A748B-C801-4F32-BE2B-6EB91B404C20}.Release|Any CPU.ActiveCfg = Release|Any CPU
		{675A748B-C801-4F32-BE2B-6EB91B404C20}.Release|Any CPU.Build.0 = Release|Any CPU
		{675A748B-C801-4F32-BE2B-6EB91B404C20}.Release|Any CPU.Deploy.0 = Release|Any CPU
		{675A748B-C801-4F32-BE2B-6EB91B404C20}.Release|ARM.ActiveCfg = Release|ARM
		{675A748B-C801-4F32-BE2B-6EB91B404C20}.Release|ARM.Build.0 = Release|ARM
		{675A748B-C801-4F32-BE2B-6EB91B404C20}.Release|ARM.Deploy.0 = Release|ARM
		{675A748B-C801-4F32-BE2B-6EB91B404C20}.Release|iPhone.ActiveCfg = Release|Any CPU
		{675A748B-C801-4F32-BE2B-6EB91B404C20}.Release|iPhone.Build.0 = Release|Any CPU
		{675A748B-C801-4F32-BE2B-6EB91B404C20}.Release|iPhone.Deploy.0 = Release|Any CPU
		{675A748B-C801-4F32-BE2B-6EB91B404C20}.Release|iPhoneSimulator.ActiveCfg = Release|Any CPU
		{675A748B-C801-4F32-BE2B-6EB91B404C20}.Release|iPhoneSimulator.Build.0 = Release|Any CPU
		{675A748B-C801-4F32-BE2B-6EB91B404C20}.Release|iPhoneSimulator.Deploy.0 = Release|Any CPU
		{675A748B-C801-4F32-BE2B-6EB91B404C20}.Release|x64.ActiveCfg = Release|Any CPU
		{675A748B-C801-4F32-BE2B-6EB91B404C20}.Release|x64.Build.0 = Release|Any CPU
		{675A748B-C801-4F32-BE2B-6EB91B404C20}.Release|x64.Deploy.0 = Release|Any CPU
		{675A748B-C801-4F32-BE2B-6EB91B404C20}.Release|x86.ActiveCfg = Release|x86
		{675A748B-C801-4F32-BE2B-6EB91B404C20}.Release|x86.Build.0 = Release|x86
		{675A748B-C801-4F32-BE2B-6EB91B404C20}.Release|x86.Deploy.0 = Release|x86
		{F0D0F70F-0197-4632-B4B7-2ECCC8EAB44E}.Ad-Hoc|Any CPU.ActiveCfg = Release|x86
		{F0D0F70F-0197-4632-B4B7-2ECCC8EAB44E}.Ad-Hoc|Any CPU.Build.0 = Release|x86
		{F0D0F70F-0197-4632-B4B7-2ECCC8EAB44E}.Ad-Hoc|Any CPU.Deploy.0 = Release|x86
		{F0D0F70F-0197-4632-B4B7-2ECCC8EAB44E}.Ad-Hoc|ARM.ActiveCfg = Release|ARM
		{F0D0F70F-0197-4632-B4B7-2ECCC8EAB44E}.Ad-Hoc|ARM.Build.0 = Release|ARM
		{F0D0F70F-0197-4632-B4B7-2ECCC8EAB44E}.Ad-Hoc|ARM.Deploy.0 = Release|ARM
		{F0D0F70F-0197-4632-B4B7-2ECCC8EAB44E}.Ad-Hoc|iPhone.ActiveCfg = Release|x86
		{F0D0F70F-0197-4632-B4B7-2ECCC8EAB44E}.Ad-Hoc|iPhone.Build.0 = Release|x86
		{F0D0F70F-0197-4632-B4B7-2ECCC8EAB44E}.Ad-Hoc|iPhone.Deploy.0 = Release|x86
		{F0D0F70F-0197-4632-B4B7-2ECCC8EAB44E}.Ad-Hoc|iPhoneSimulator.ActiveCfg = Release|x86
		{F0D0F70F-0197-4632-B4B7-2ECCC8EAB44E}.Ad-Hoc|iPhoneSimulator.Build.0 = Release|x86
		{F0D0F70F-0197-4632-B4B7-2ECCC8EAB44E}.Ad-Hoc|iPhoneSimulator.Deploy.0 = Release|x86
		{F0D0F70F-0197-4632-B4B7-2ECCC8EAB44E}.Ad-Hoc|x64.ActiveCfg = Release|x64
		{F0D0F70F-0197-4632-B4B7-2ECCC8EAB44E}.Ad-Hoc|x64.Build.0 = Release|x64
		{F0D0F70F-0197-4632-B4B7-2ECCC8EAB44E}.Ad-Hoc|x64.Deploy.0 = Release|x64
		{F0D0F70F-0197-4632-B4B7-2ECCC8EAB44E}.Ad-Hoc|x86.ActiveCfg = Release|x86
		{F0D0F70F-0197-4632-B4B7-2ECCC8EAB44E}.Ad-Hoc|x86.Build.0 = Release|x86
		{F0D0F70F-0197-4632-B4B7-2ECCC8EAB44E}.Ad-Hoc|x86.Deploy.0 = Release|x86
		{F0D0F70F-0197-4632-B4B7-2ECCC8EAB44E}.AppStore|Any CPU.ActiveCfg = Release|x86
		{F0D0F70F-0197-4632-B4B7-2ECCC8EAB44E}.AppStore|Any CPU.Build.0 = Release|x86
		{F0D0F70F-0197-4632-B4B7-2ECCC8EAB44E}.AppStore|Any CPU.Deploy.0 = Release|x86
		{F0D0F70F-0197-4632-B4B7-2ECCC8EAB44E}.AppStore|ARM.ActiveCfg = Release|ARM
		{F0D0F70F-0197-4632-B4B7-2ECCC8EAB44E}.AppStore|ARM.Build.0 = Release|ARM
		{F0D0F70F-0197-4632-B4B7-2ECCC8EAB44E}.AppStore|ARM.Deploy.0 = Release|ARM
		{F0D0F70F-0197-4632-B4B7-2ECCC8EAB44E}.AppStore|iPhone.ActiveCfg = Release|x86
		{F0D0F70F-0197-4632-B4B7-2ECCC8EAB44E}.AppStore|iPhone.Build.0 = Release|x86
		{F0D0F70F-0197-4632-B4B7-2ECCC8EAB44E}.AppStore|iPhone.Deploy.0 = Release|x86
		{F0D0F70F-0197-4632-B4B7-2ECCC8EAB44E}.AppStore|iPhoneSimulator.ActiveCfg = Release|x86
		{F0D0F70F-0197-4632-B4B7-2ECCC8EAB44E}.AppStore|iPhoneSimulator.Build.0 = Release|x86
		{F0D0F70F-0197-4632-B4B7-2ECCC8EAB44E}.AppStore|iPhoneSimulator.Deploy.0 = Release|x86
		{F0D0F70F-0197-4632-B4B7-2ECCC8EAB44E}.AppStore|x64.ActiveCfg = Release|x64
		{F0D0F70F-0197-4632-B4B7-2ECCC8EAB44E}.AppStore|x64.Build.0 = Release|x64
		{F0D0F70F-0197-4632-B4B7-2ECCC8EAB44E}.AppStore|x64.Deploy.0 = Release|x64
		{F0D0F70F-0197-4632-B4B7-2ECCC8EAB44E}.AppStore|x86.ActiveCfg = Release|x86
		{F0D0F70F-0197-4632-B4B7-2ECCC8EAB44E}.AppStore|x86.Build.0 = Release|x86
		{F0D0F70F-0197-4632-B4B7-2ECCC8EAB44E}.AppStore|x86.Deploy.0 = Release|x86
		{F0D0F70F-0197-4632-B4B7-2ECCC8EAB44E}.Debug|Any CPU.ActiveCfg = Debug|x86
		{F0D0F70F-0197-4632-B4B7-2ECCC8EAB44E}.Debug|ARM.ActiveCfg = Debug|ARM
		{F0D0F70F-0197-4632-B4B7-2ECCC8EAB44E}.Debug|ARM.Build.0 = Debug|ARM
		{F0D0F70F-0197-4632-B4B7-2ECCC8EAB44E}.Debug|ARM.Deploy.0 = Debug|ARM
		{F0D0F70F-0197-4632-B4B7-2ECCC8EAB44E}.Debug|iPhone.ActiveCfg = Debug|x86
		{F0D0F70F-0197-4632-B4B7-2ECCC8EAB44E}.Debug|iPhoneSimulator.ActiveCfg = Debug|x86
		{F0D0F70F-0197-4632-B4B7-2ECCC8EAB44E}.Debug|x64.ActiveCfg = Debug|x64
		{F0D0F70F-0197-4632-B4B7-2ECCC8EAB44E}.Debug|x64.Build.0 = Debug|x64
		{F0D0F70F-0197-4632-B4B7-2ECCC8EAB44E}.Debug|x64.Deploy.0 = Debug|x64
		{F0D0F70F-0197-4632-B4B7-2ECCC8EAB44E}.Debug|x86.ActiveCfg = Debug|x86
		{F0D0F70F-0197-4632-B4B7-2ECCC8EAB44E}.Debug|x86.Build.0 = Debug|x86
		{F0D0F70F-0197-4632-B4B7-2ECCC8EAB44E}.Debug|x86.Deploy.0 = Debug|x86
		{F0D0F70F-0197-4632-B4B7-2ECCC8EAB44E}.Release|Any CPU.ActiveCfg = Release|x86
		{F0D0F70F-0197-4632-B4B7-2ECCC8EAB44E}.Release|ARM.ActiveCfg = Release|ARM
		{F0D0F70F-0197-4632-B4B7-2ECCC8EAB44E}.Release|ARM.Build.0 = Release|ARM
		{F0D0F70F-0197-4632-B4B7-2ECCC8EAB44E}.Release|ARM.Deploy.0 = Release|ARM
		{F0D0F70F-0197-4632-B4B7-2ECCC8EAB44E}.Release|iPhone.ActiveCfg = Release|x86
		{F0D0F70F-0197-4632-B4B7-2ECCC8EAB44E}.Release|iPhoneSimulator.ActiveCfg = Release|x86
		{F0D0F70F-0197-4632-B4B7-2ECCC8EAB44E}.Release|x64.ActiveCfg = Release|x64
		{F0D0F70F-0197-4632-B4B7-2ECCC8EAB44E}.Release|x64.Build.0 = Release|x64
		{F0D0F70F-0197-4632-B4B7-2ECCC8EAB44E}.Release|x64.Deploy.0 = Release|x64
		{F0D0F70F-0197-4632-B4B7-2ECCC8EAB44E}.Release|x86.ActiveCfg = Release|x86
		{F0D0F70F-0197-4632-B4B7-2ECCC8EAB44E}.Release|x86.Build.0 = Release|x86
		{F0D0F70F-0197-4632-B4B7-2ECCC8EAB44E}.Release|x86.Deploy.0 = Release|x86
		{D3E0E195-2249-46EB-9D53-92CA02555DB9}.Ad-Hoc|Any CPU.ActiveCfg = Release|Any CPU
		{D3E0E195-2249-46EB-9D53-92CA02555DB9}.Ad-Hoc|Any CPU.Build.0 = Release|Any CPU
		{D3E0E195-2249-46EB-9D53-92CA02555DB9}.Ad-Hoc|Any CPU.Deploy.0 = Release|Any CPU
		{D3E0E195-2249-46EB-9D53-92CA02555DB9}.Ad-Hoc|ARM.ActiveCfg = Release|ARM
		{D3E0E195-2249-46EB-9D53-92CA02555DB9}.Ad-Hoc|ARM.Build.0 = Release|ARM
		{D3E0E195-2249-46EB-9D53-92CA02555DB9}.Ad-Hoc|ARM.Deploy.0 = Release|ARM
		{D3E0E195-2249-46EB-9D53-92CA02555DB9}.Ad-Hoc|iPhone.ActiveCfg = Release|Any CPU
		{D3E0E195-2249-46EB-9D53-92CA02555DB9}.Ad-Hoc|iPhone.Build.0 = Release|Any CPU
		{D3E0E195-2249-46EB-9D53-92CA02555DB9}.Ad-Hoc|iPhone.Deploy.0 = Release|Any CPU
		{D3E0E195-2249-46EB-9D53-92CA02555DB9}.Ad-Hoc|iPhoneSimulator.ActiveCfg = Release|Any CPU
		{D3E0E195-2249-46EB-9D53-92CA02555DB9}.Ad-Hoc|iPhoneSimulator.Build.0 = Release|Any CPU
		{D3E0E195-2249-46EB-9D53-92CA02555DB9}.Ad-Hoc|iPhoneSimulator.Deploy.0 = Release|Any CPU
		{D3E0E195-2249-46EB-9D53-92CA02555DB9}.Ad-Hoc|x64.ActiveCfg = Release|x64
		{D3E0E195-2249-46EB-9D53-92CA02555DB9}.Ad-Hoc|x64.Build.0 = Release|x64
		{D3E0E195-2249-46EB-9D53-92CA02555DB9}.Ad-Hoc|x64.Deploy.0 = Release|x64
		{D3E0E195-2249-46EB-9D53-92CA02555DB9}.Ad-Hoc|x86.ActiveCfg = Release|x86
		{D3E0E195-2249-46EB-9D53-92CA02555DB9}.Ad-Hoc|x86.Build.0 = Release|x86
		{D3E0E195-2249-46EB-9D53-92CA02555DB9}.Ad-Hoc|x86.Deploy.0 = Release|x86
		{D3E0E195-2249-46EB-9D53-92CA02555DB9}.AppStore|Any CPU.ActiveCfg = Release|Any CPU
		{D3E0E195-2249-46EB-9D53-92CA02555DB9}.AppStore|Any CPU.Build.0 = Release|Any CPU
		{D3E0E195-2249-46EB-9D53-92CA02555DB9}.AppStore|Any CPU.Deploy.0 = Release|Any CPU
		{D3E0E195-2249-46EB-9D53-92CA02555DB9}.AppStore|ARM.ActiveCfg = Release|ARM
		{D3E0E195-2249-46EB-9D53-92CA02555DB9}.AppStore|ARM.Build.0 = Release|ARM
		{D3E0E195-2249-46EB-9D53-92CA02555DB9}.AppStore|ARM.Deploy.0 = Release|ARM
		{D3E0E195-2249-46EB-9D53-92CA02555DB9}.AppStore|iPhone.ActiveCfg = Release|Any CPU
		{D3E0E195-2249-46EB-9D53-92CA02555DB9}.AppStore|iPhone.Build.0 = Release|Any CPU
		{D3E0E195-2249-46EB-9D53-92CA02555DB9}.AppStore|iPhone.Deploy.0 = Release|Any CPU
		{D3E0E195-2249-46EB-9D53-92CA02555DB9}.AppStore|iPhoneSimulator.ActiveCfg = Release|Any CPU
		{D3E0E195-2249-46EB-9D53-92CA02555DB9}.AppStore|iPhoneSimulator.Build.0 = Release|Any CPU
		{D3E0E195-2249-46EB-9D53-92CA02555DB9}.AppStore|iPhoneSimulator.Deploy.0 = Release|Any CPU
		{D3E0E195-2249-46EB-9D53-92CA02555DB9}.AppStore|x64.ActiveCfg = Release|x64
		{D3E0E195-2249-46EB-9D53-92CA02555DB9}.AppStore|x64.Build.0 = Release|x64
		{D3E0E195-2249-46EB-9D53-92CA02555DB9}.AppStore|x64.Deploy.0 = Release|x64
		{D3E0E195-2249-46EB-9D53-92CA02555DB9}.AppStore|x86.ActiveCfg = Release|x86
		{D3E0E195-2249-46EB-9D53-92CA02555DB9}.AppStore|x86.Build.0 = Release|x86
		{D3E0E195-2249-46EB-9D53-92CA02555DB9}.AppStore|x86.Deploy.0 = Release|x86
		{D3E0E195-2249-46EB-9D53-92CA02555DB9}.Debug|Any CPU.ActiveCfg = Debug|Any CPU
		{D3E0E195-2249-46EB-9D53-92CA02555DB9}.Debug|Any CPU.Build.0 = Debug|Any CPU
		{D3E0E195-2249-46EB-9D53-92CA02555DB9}.Debug|Any CPU.Deploy.0 = Debug|Any CPU
		{D3E0E195-2249-46EB-9D53-92CA02555DB9}.Debug|ARM.ActiveCfg = Debug|ARM
		{D3E0E195-2249-46EB-9D53-92CA02555DB9}.Debug|ARM.Build.0 = Debug|ARM
		{D3E0E195-2249-46EB-9D53-92CA02555DB9}.Debug|ARM.Deploy.0 = Debug|ARM
		{D3E0E195-2249-46EB-9D53-92CA02555DB9}.Debug|iPhone.ActiveCfg = Debug|Any CPU
		{D3E0E195-2249-46EB-9D53-92CA02555DB9}.Debug|iPhone.Build.0 = Debug|Any CPU
		{D3E0E195-2249-46EB-9D53-92CA02555DB9}.Debug|iPhone.Deploy.0 = Debug|Any CPU
		{D3E0E195-2249-46EB-9D53-92CA02555DB9}.Debug|iPhoneSimulator.ActiveCfg = Debug|Any CPU
		{D3E0E195-2249-46EB-9D53-92CA02555DB9}.Debug|iPhoneSimulator.Build.0 = Debug|Any CPU
		{D3E0E195-2249-46EB-9D53-92CA02555DB9}.Debug|iPhoneSimulator.Deploy.0 = Debug|Any CPU
		{D3E0E195-2249-46EB-9D53-92CA02555DB9}.Debug|x64.ActiveCfg = Debug|x64
		{D3E0E195-2249-46EB-9D53-92CA02555DB9}.Debug|x64.Build.0 = Debug|x64
		{D3E0E195-2249-46EB-9D53-92CA02555DB9}.Debug|x64.Deploy.0 = Debug|x64
		{D3E0E195-2249-46EB-9D53-92CA02555DB9}.Debug|x86.ActiveCfg = Debug|x86
		{D3E0E195-2249-46EB-9D53-92CA02555DB9}.Debug|x86.Build.0 = Debug|x86
		{D3E0E195-2249-46EB-9D53-92CA02555DB9}.Debug|x86.Deploy.0 = Debug|x86
		{D3E0E195-2249-46EB-9D53-92CA02555DB9}.Release|Any CPU.ActiveCfg = Release|Any CPU
		{D3E0E195-2249-46EB-9D53-92CA02555DB9}.Release|Any CPU.Build.0 = Release|Any CPU
		{D3E0E195-2249-46EB-9D53-92CA02555DB9}.Release|Any CPU.Deploy.0 = Release|Any CPU
		{D3E0E195-2249-46EB-9D53-92CA02555DB9}.Release|ARM.ActiveCfg = Release|ARM
		{D3E0E195-2249-46EB-9D53-92CA02555DB9}.Release|ARM.Build.0 = Release|ARM
		{D3E0E195-2249-46EB-9D53-92CA02555DB9}.Release|ARM.Deploy.0 = Release|ARM
		{D3E0E195-2249-46EB-9D53-92CA02555DB9}.Release|iPhone.ActiveCfg = Release|Any CPU
		{D3E0E195-2249-46EB-9D53-92CA02555DB9}.Release|iPhone.Build.0 = Release|Any CPU
		{D3E0E195-2249-46EB-9D53-92CA02555DB9}.Release|iPhone.Deploy.0 = Release|Any CPU
		{D3E0E195-2249-46EB-9D53-92CA02555DB9}.Release|iPhoneSimulator.ActiveCfg = Release|Any CPU
		{D3E0E195-2249-46EB-9D53-92CA02555DB9}.Release|iPhoneSimulator.Build.0 = Release|Any CPU
		{D3E0E195-2249-46EB-9D53-92CA02555DB9}.Release|iPhoneSimulator.Deploy.0 = Release|Any CPU
		{D3E0E195-2249-46EB-9D53-92CA02555DB9}.Release|x64.ActiveCfg = Release|x64
		{D3E0E195-2249-46EB-9D53-92CA02555DB9}.Release|x64.Build.0 = Release|x64
		{D3E0E195-2249-46EB-9D53-92CA02555DB9}.Release|x64.Deploy.0 = Release|x64
		{D3E0E195-2249-46EB-9D53-92CA02555DB9}.Release|x86.ActiveCfg = Release|x86
		{D3E0E195-2249-46EB-9D53-92CA02555DB9}.Release|x86.Build.0 = Release|x86
		{D3E0E195-2249-46EB-9D53-92CA02555DB9}.Release|x86.Deploy.0 = Release|x86
		{B8D6DFD1-8A17-40EC-8CDC-82BCAEC87A7E}.Ad-Hoc|Any CPU.ActiveCfg = Release|Any CPU
		{B8D6DFD1-8A17-40EC-8CDC-82BCAEC87A7E}.Ad-Hoc|Any CPU.Build.0 = Release|Any CPU
		{B8D6DFD1-8A17-40EC-8CDC-82BCAEC87A7E}.Ad-Hoc|ARM.ActiveCfg = Release|Any CPU
		{B8D6DFD1-8A17-40EC-8CDC-82BCAEC87A7E}.Ad-Hoc|ARM.Build.0 = Release|Any CPU
		{B8D6DFD1-8A17-40EC-8CDC-82BCAEC87A7E}.Ad-Hoc|iPhone.ActiveCfg = Release|Any CPU
		{B8D6DFD1-8A17-40EC-8CDC-82BCAEC87A7E}.Ad-Hoc|iPhone.Build.0 = Release|Any CPU
		{B8D6DFD1-8A17-40EC-8CDC-82BCAEC87A7E}.Ad-Hoc|iPhoneSimulator.ActiveCfg = Release|Any CPU
		{B8D6DFD1-8A17-40EC-8CDC-82BCAEC87A7E}.Ad-Hoc|iPhoneSimulator.Build.0 = Release|Any CPU
		{B8D6DFD1-8A17-40EC-8CDC-82BCAEC87A7E}.Ad-Hoc|x64.ActiveCfg = Release|Any CPU
		{B8D6DFD1-8A17-40EC-8CDC-82BCAEC87A7E}.Ad-Hoc|x64.Build.0 = Release|Any CPU
		{B8D6DFD1-8A17-40EC-8CDC-82BCAEC87A7E}.Ad-Hoc|x86.ActiveCfg = Release|Any CPU
		{B8D6DFD1-8A17-40EC-8CDC-82BCAEC87A7E}.Ad-Hoc|x86.Build.0 = Release|Any CPU
		{B8D6DFD1-8A17-40EC-8CDC-82BCAEC87A7E}.AppStore|Any CPU.ActiveCfg = Release|Any CPU
		{B8D6DFD1-8A17-40EC-8CDC-82BCAEC87A7E}.AppStore|Any CPU.Build.0 = Release|Any CPU
		{B8D6DFD1-8A17-40EC-8CDC-82BCAEC87A7E}.AppStore|ARM.ActiveCfg = Release|Any CPU
		{B8D6DFD1-8A17-40EC-8CDC-82BCAEC87A7E}.AppStore|ARM.Build.0 = Release|Any CPU
		{B8D6DFD1-8A17-40EC-8CDC-82BCAEC87A7E}.AppStore|iPhone.ActiveCfg = Release|Any CPU
		{B8D6DFD1-8A17-40EC-8CDC-82BCAEC87A7E}.AppStore|iPhone.Build.0 = Release|Any CPU
		{B8D6DFD1-8A17-40EC-8CDC-82BCAEC87A7E}.AppStore|iPhoneSimulator.ActiveCfg = Release|Any CPU
		{B8D6DFD1-8A17-40EC-8CDC-82BCAEC87A7E}.AppStore|iPhoneSimulator.Build.0 = Release|Any CPU
		{B8D6DFD1-8A17-40EC-8CDC-82BCAEC87A7E}.AppStore|x64.ActiveCfg = Release|Any CPU
		{B8D6DFD1-8A17-40EC-8CDC-82BCAEC87A7E}.AppStore|x64.Build.0 = Release|Any CPU
		{B8D6DFD1-8A17-40EC-8CDC-82BCAEC87A7E}.AppStore|x86.ActiveCfg = Release|Any CPU
		{B8D6DFD1-8A17-40EC-8CDC-82BCAEC87A7E}.AppStore|x86.Build.0 = Release|Any CPU
		{B8D6DFD1-8A17-40EC-8CDC-82BCAEC87A7E}.Debug|Any CPU.ActiveCfg = Debug|Any CPU
		{B8D6DFD1-8A17-40EC-8CDC-82BCAEC87A7E}.Debug|Any CPU.Build.0 = Debug|Any CPU
		{B8D6DFD1-8A17-40EC-8CDC-82BCAEC87A7E}.Debug|ARM.ActiveCfg = Debug|Any CPU
		{B8D6DFD1-8A17-40EC-8CDC-82BCAEC87A7E}.Debug|ARM.Build.0 = Debug|Any CPU
		{B8D6DFD1-8A17-40EC-8CDC-82BCAEC87A7E}.Debug|iPhone.ActiveCfg = Debug|Any CPU
		{B8D6DFD1-8A17-40EC-8CDC-82BCAEC87A7E}.Debug|iPhone.Build.0 = Debug|Any CPU
		{B8D6DFD1-8A17-40EC-8CDC-82BCAEC87A7E}.Debug|iPhoneSimulator.ActiveCfg = Debug|Any CPU
		{B8D6DFD1-8A17-40EC-8CDC-82BCAEC87A7E}.Debug|iPhoneSimulator.Build.0 = Debug|Any CPU
		{B8D6DFD1-8A17-40EC-8CDC-82BCAEC87A7E}.Debug|x64.ActiveCfg = Debug|Any CPU
		{B8D6DFD1-8A17-40EC-8CDC-82BCAEC87A7E}.Debug|x64.Build.0 = Debug|Any CPU
		{B8D6DFD1-8A17-40EC-8CDC-82BCAEC87A7E}.Debug|x86.ActiveCfg = Debug|Any CPU
		{B8D6DFD1-8A17-40EC-8CDC-82BCAEC87A7E}.Debug|x86.Build.0 = Debug|Any CPU
		{B8D6DFD1-8A17-40EC-8CDC-82BCAEC87A7E}.Release|Any CPU.ActiveCfg = Release|Any CPU
		{B8D6DFD1-8A17-40EC-8CDC-82BCAEC87A7E}.Release|Any CPU.Build.0 = Release|Any CPU
		{B8D6DFD1-8A17-40EC-8CDC-82BCAEC87A7E}.Release|ARM.ActiveCfg = Release|Any CPU
		{B8D6DFD1-8A17-40EC-8CDC-82BCAEC87A7E}.Release|ARM.Build.0 = Release|Any CPU
		{B8D6DFD1-8A17-40EC-8CDC-82BCAEC87A7E}.Release|iPhone.ActiveCfg = Release|Any CPU
		{B8D6DFD1-8A17-40EC-8CDC-82BCAEC87A7E}.Release|iPhone.Build.0 = Release|Any CPU
		{B8D6DFD1-8A17-40EC-8CDC-82BCAEC87A7E}.Release|iPhoneSimulator.ActiveCfg = Release|Any CPU
		{B8D6DFD1-8A17-40EC-8CDC-82BCAEC87A7E}.Release|iPhoneSimulator.Build.0 = Release|Any CPU
		{B8D6DFD1-8A17-40EC-8CDC-82BCAEC87A7E}.Release|x64.ActiveCfg = Release|Any CPU
		{B8D6DFD1-8A17-40EC-8CDC-82BCAEC87A7E}.Release|x64.Build.0 = Release|Any CPU
		{B8D6DFD1-8A17-40EC-8CDC-82BCAEC87A7E}.Release|x86.ActiveCfg = Release|Any CPU
		{B8D6DFD1-8A17-40EC-8CDC-82BCAEC87A7E}.Release|x86.Build.0 = Release|Any CPU
	EndGlobalSection
	GlobalSection(SolutionProperties) = preSolution
		HideSolutionNode = FALSE
	EndGlobalSection
EndGlobal
